
Microsoft Visual Studio Solution File, Format Version 12.00
# Visual Studio Version 17
VisualStudioVersion = 17.8.34322.80
MinimumVisualStudioVersion = 10.0.40219.1
Project("{FAE04EC0-301F-11D3-BF4B-00C04F79EFBC}") = "BinaryTree", "BinarySearchTree\BinaryTree.csproj", "{CBAD1647-11A6-4777-9AAA-A04C687EF70C}"
EndProject
Global
	GlobalSection(SolutionConfigurationPlatforms) = preSolution
		Debug|Any CPU = Debug|Any CPU
		Release|Any CPU = Release|Any CPU
	EndGlobalSection
	GlobalSection(ProjectConfigurationPlatforms) = postSolution
		{CBAD1647-11A6-4777-9AAA-A04C687EF70C}.Debug|Any CPU.ActiveCfg = Debug|Any CPU
		{CBAD1647-11A6-4777-9AAA-A04C687EF70C}.Debug|Any CPU.Build.0 = Debug|Any CPU
		{CBAD1647-11A6-4777-9AAA-A04C687EF70C}.Release|Any CPU.ActiveCfg = Release|Any CPU
		{CBAD1647-11A6-4777-9AAA-A04C687EF70C}.Release|Any CPU.Build.0 = Release|Any CPU
	EndGlobalSection
	GlobalSection(SolutionProperties) = preSolution
		HideSolutionNode = FALSE
	EndGlobalSection
	GlobalSection(ExtensibilityGlobals) = postSolution
		SolutionGuid = {425B80E1-D48A-412E-9456-E63F4DD3C27E}
	EndGlobalSection
EndGlobal
